
Microsoft Visual Studio Solution File, Format Version 12.00
# Visual Studio Version 17
VisualStudioVersion = 17.4.33122.133
MinimumVisualStudioVersion = 10.0.40219.1
Project("{FAE04EC0-301F-11D3-BF4B-00C04F79EFBC}") = "formValidation", "formValidation.csproj", "{151CBF9F-A856-4E8D-AD80-97B13396A97F}"
EndProject
Global
	GlobalSection(SolutionConfigurationPlatforms) = preSolution
		Debug|Any CPU = Debug|Any CPU
		Release|Any CPU = Release|Any CPU
	EndGlobalSection
	GlobalSection(ProjectConfigurationPlatforms) = postSolution
		{151CBF9F-A856-4E8D-AD80-97B13396A97F}.Debug|Any CPU.ActiveCfg = Debug|Any CPU
		{151CBF9F-A856-4E8D-AD80-97B13396A97F}.Debug|Any CPU.Build.0 = Debug|Any CPU
		{151CBF9F-A856-4E8D-AD80-97B13396A97F}.Release|Any CPU.ActiveCfg = Release|Any CPU
		{151CBF9F-A856-4E8D-AD80-97B13396A97F}.Release|Any CPU.Build.0 = Release|Any CPU
	EndGlobalSection
	GlobalSection(SolutionProperties) = preSolution
		HideSolutionNode = FALSE
	EndGlobalSection
	GlobalSection(ExtensibilityGlobals) = postSolution
		SolutionGuid = {958F962C-98C7-4B00-B567-6630B46D66D3}
	EndGlobalSection
EndGlobal
